
Microsoft Visual Studio Solution File, Format Version 12.00
# Visual Studio Version 16
VisualStudioVersion = 16.0.30804.86
MinimumVisualStudioVersion = 10.0.40219.1
Project("{9A19103F-16F7-4668-BE54-9A1E7A4F7556}") = "Kamen", "Kamen\Kamen.csproj", "{62FA50F0-5542-480C-AA6C-099EF854792A}"
EndProject
Project("{2150E333-8FDC-42A3-9474-1A3956D46DE8}") = "Solution Items", "Solution Items", "{9E7E77B4-E079-4809-B6CD-E1AE90C7072D}"
	ProjectSection(SolutionItems) = preProject
		.editorconfig = .editorconfig
	EndProjectSection
EndProject
Global
	GlobalSection(SolutionConfigurationPlatforms) = preSolution
		Debug|Any CPU = Debug|Any CPU
		Release|Any CPU = Release|Any CPU
	EndGlobalSection
	GlobalSection(ProjectConfigurationPlatforms) = postSolution
		{62FA50F0-5542-480C-AA6C-099EF854792A}.Debug|Any CPU.ActiveCfg = Debug|Any CPU
		{62FA50F0-5542-480C-AA6C-099EF854792A}.Debug|Any CPU.Build.0 = Debug|Any CPU
		{62FA50F0-5542-480C-AA6C-099EF854792A}.Release|Any CPU.ActiveCfg = Release|Any CPU
		{62FA50F0-5542-480C-AA6C-099EF854792A}.Release|Any CPU.Build.0 = Release|Any CPU
	EndGlobalSection
	GlobalSection(SolutionProperties) = preSolution
		HideSolutionNode = FALSE
	EndGlobalSection
	GlobalSection(ExtensibilityGlobals) = postSolution
		SolutionGuid = {5753B1EE-EB54-4B27-9888-091ED4D2AB22}
	EndGlobalSection
EndGlobal
